{
  "lockfileVersion": 1,
  "configVersion": 1,
  "workspaces": {
    "": {
      "name": "chrome",
      "devDependencies": {
        "marked": "^18.0.11",
        "typebox": "^1.3.23",
      },
    },
  },
  "packages": {
    "marked": ["marked@18.0.11", "", { "bin": { "marked": "bin/marked.js" } }, "sha512-HnslJfsZkRPBDJRHvVtAaWlZHEpSu7u8LgQuJCELjRKuWR+hpq4A7sLq3p8HaI9ypVoXDXxV34CsQJEe1+J5Aw=="],

    "typebox": ["typebox@1.3.23", "", {}, "sha512-eMDZIb3EhHxm/tQ+xfbb++B+1KMpquxYoRQ0nHWukMmNxrYHsbRQwW15chb2doi0FdJ/MxDXpgZRFJUyizMkkw=="],
  }
}
