{
  "lockfileVersion": 1,
  "configVersion": 1,
  "workspaces": {
    "": {
      "name": "mentalcraft-plugins",
      "devDependencies": {
        "marked": "^18.0.11",
      },
    },
    "Capability/Workflow": {
      "name": "@mentalcraft/workflow",
    },
    "Domain/Business": {
      "name": "@mentalcraft/business",
    },
    "Domain/Company": {
      "name": "@mentalcraft/plugin-company",
      "version": "1.0.0",
    },
    "Domain/Content": {
      "name": "@mentalcraft/content",
    },
    "Domain/Design": {
      "name": "@mentalcraft/design",
    },
    "Domain/Infra": {
      "name": "@mentalcraft/plugin-infra",
      "version": "1.0.0",
    },
    "Domain/Science": {
      "name": "@mentalcraft/science",
    },
    "Tool/Browser": {
      "name": "browser",
      "devDependencies": {
        "marked": "^18.0.11",
      },
    },
    "Tool/Message": {
      "name": "message",
    },
    "Tool/Secret": {
      "name": "secret",
    },
  },
  "packages": {
    "@mentalcraft/business": ["@mentalcraft/business@workspace:Domain/Business"],

    "@mentalcraft/content": ["@mentalcraft/content@workspace:Domain/Content"],

    "@mentalcraft/design": ["@mentalcraft/design@workspace:Domain/Design"],

    "@mentalcraft/plugin-company": ["@mentalcraft/plugin-company@workspace:Domain/Company"],

    "@mentalcraft/plugin-infra": ["@mentalcraft/plugin-infra@workspace:Domain/Infra"],

    "@mentalcraft/science": ["@mentalcraft/science@workspace:Domain/Science"],

    "@mentalcraft/workflow": ["@mentalcraft/workflow@workspace:Capability/Workflow"],

    "browser": ["browser@workspace:Tool/Browser"],

    "marked": ["marked@18.0.11", "", { "bin": { "marked": "bin/marked.js" } }, "sha512-HnslJfsZkRPBDJRHvVtAaWlZHEpSu7u8LgQuJCELjRKuWR+hpq4A7sLq3p8HaI9ypVoXDXxV34CsQJEe1+J5Aw=="],

    "message": ["message@workspace:Tool/Message"],

    "secret": ["secret@workspace:Tool/Secret"],
  }
}
